
Microsoft Visual Studio Solution File, Format Version 12.00
# Visual Studio 15
VisualStudioVersion = 15.0.26730.12
MinimumVisualStudioVersion = 10.0.40219.1
Project("{FAE04EC0-301F-11D3-BF4B-00C04F79EFBC}") = "img-resizer", "img-resizer\img-resizer.csproj", "{F0E1B6D4-0500-40FC-8A48-BFA47B64E519}"
EndProject
Global
	GlobalSection(SolutionConfigurationPlatforms) = preSolution
		Debug|Any CPU = Debug|Any CPU
		Release|Any CPU = Release|Any CPU
	EndGlobalSection
	GlobalSection(ProjectConfigurationPlatforms) = postSolution
		{F0E1B6D4-0500-40FC-8A48-BFA47B64E519}.Debug|Any CPU.ActiveCfg = Debug|Any CPU
		{F0E1B6D4-0500-40FC-8A48-BFA47B64E519}.Debug|Any CPU.Build.0 = Debug|Any CPU
		{F0E1B6D4-0500-40FC-8A48-BFA47B64E519}.Release|Any CPU.ActiveCfg = Release|Any CPU
		{F0E1B6D4-0500-40FC-8A48-BFA47B64E519}.Release|Any CPU.Build.0 = Release|Any CPU
	EndGlobalSection
	GlobalSection(SolutionProperties) = preSolution
		HideSolutionNode = FALSE
	EndGlobalSection
	GlobalSection(ExtensibilityGlobals) = postSolution
		SolutionGuid = {5ECA05F7-5DBF-48B9-8918-CD14E272039E}
	EndGlobalSection
EndGlobal
